
Microsoft Visual Studio Solution File, Format Version 12.00
# Visual Studio Version 17
VisualStudioVersion = 17.14.36414.22 d17.14
MinimumVisualStudioVersion = 10.0.40219.1
Project("{FAE04EC0-301F-11D3-BF4B-00C04F79EFBC}") = "Meetingroom", "Meetingroom.csproj", "{ED0069D1-DD1A-4415-8365-673DA29A3725}"
EndProject
Global
	GlobalSection(SolutionConfigurationPlatforms) = preSolution
		Debug|Any CPU = Debug|Any CPU
		Release|Any CPU = Release|Any CPU
	EndGlobalSection
	GlobalSection(ProjectConfigurationPlatforms) = postSolution
		{ED0069D1-DD1A-4415-8365-673DA29A3725}.Debug|Any CPU.ActiveCfg = Debug|Any CPU
		{ED0069D1-DD1A-4415-8365-673DA29A3725}.Debug|Any CPU.Build.0 = Debug|Any CPU
		{ED0069D1-DD1A-4415-8365-673DA29A3725}.Release|Any CPU.ActiveCfg = Release|Any CPU
		{ED0069D1-DD1A-4415-8365-673DA29A3725}.Release|Any CPU.Build.0 = Release|Any CPU
	EndGlobalSection
	GlobalSection(SolutionProperties) = preSolution
		HideSolutionNode = FALSE
	EndGlobalSection
	GlobalSection(ExtensibilityGlobals) = postSolution
		SolutionGuid = {1F01550F-ADBA-4040-BB16-3F93EB32B308}
	EndGlobalSection
EndGlobal
